
Microsoft Visual Studio Solution File, Format Version 12.00
# Visual Studio 15
VisualStudioVersion = 15.0.27004.2009
MinimumVisualStudioVersion = 10.0.40219.1
Project("{FAE04EC0-301F-11D3-BF4B-00C04F79EFBC}") = "E6.1-Cruz Vera Elden Humberto", "E6.1-Cruz Vera Elden Humberto\E6.1-Cruz Vera Elden Humberto.csproj", "{6CE013CC-4575-4A2A-8F51-24380D5D24B0}"
EndProject
Global
	GlobalSection(SolutionConfigurationPlatforms) = preSolution
		Debug|Any CPU = Debug|Any CPU
		Release|Any CPU = Release|Any CPU
	EndGlobalSection
	GlobalSection(ProjectConfigurationPlatforms) = postSolution
		{6CE013CC-4575-4A2A-8F51-24380D5D24B0}.Debug|Any CPU.ActiveCfg = Debug|Any CPU
		{6CE013CC-4575-4A2A-8F51-24380D5D24B0}.Debug|Any CPU.Build.0 = Debug|Any CPU
		{6CE013CC-4575-4A2A-8F51-24380D5D24B0}.Release|Any CPU.ActiveCfg = Release|Any CPU
		{6CE013CC-4575-4A2A-8F51-24380D5D24B0}.Release|Any CPU.Build.0 = Release|Any CPU
	EndGlobalSection
	GlobalSection(SolutionProperties) = preSolution
		HideSolutionNode = FALSE
	EndGlobalSection
	GlobalSection(ExtensibilityGlobals) = postSolution
		SolutionGuid = {B0C45606-5D69-4DE9-A117-2F489B7B5D74}
	EndGlobalSection
EndGlobal
